# This file is automatically @generated by Cargo.
# It is not intended for manual editing.
version = 4

[[package]]
name = "adler"
version = "1.0.2"
source = "registry+https://github.com/rust-lang/crates.io-index"
checksum = "f26201604c87b1e01bd3d98f8d5d9a8fcbb815e8cedb41ffccbeb4bf593a35fe"

[[package]]
name = "adler2"
version = "2.0.1"
source = "registry+https://github.com/rust-lang/crates.io-index"
checksum = "320119579fcad9c21884f5c4861d16174d0e06250625266f50fe6898340abefa"

[[package]]
name = "ahash"
version = "0.8.12"
source = "registry+https://github.com/rust-lang/crates.io-index"
checksum = "5a15f179cd60c4584b8a8c596927aadc462e27f2ca70c04e0071964a73ba7a75"
dependencies = [
 "cfg-if",
 "once_cell",
 "version_check",
 "zerocopy",
]

[[package]]
name = "allocator-api2"
version = "0.2.21"
source = "registry+https://github.com/rust-lang/crates.io-index"
checksum = "683d7910e743518b0e34f1186f92494becacb047c7b6bf616c96772180fef923"

[[package]]
name = "arrayref"
version = "0.3.9"
source = "registry+https://github.com/rust-lang/crates.io-index"
checksum = "76a2e8124351fda1ef8aaaa3bbd7ebbcb486bbcd4225aca0aa0d84bb2db8fecb"

[[package]]
name = "arrayvec"
version = "0.7.6"
source = "registry+https://github.com/rust-lang/crates.io-index"
checksum = "7c02d123df017efcdfbd739ef81735b36c5ba83ec3c59c80a9d7ecc718f92e50"

[[package]]
name = "audir-sles"
version = "0.1.0"
source = "registry+https://github.com/rust-lang/crates.io-index"
checksum = "ea47348666a8edb7ad80cbee3940eb2bccf70df0e6ce09009abe1a836cb779f5"

[[package]]
name = "audrey"
version = "0.3.0"
source = "registry+https://github.com/rust-lang/crates.io-index"
checksum = "58b92a84e89497e3cd25d3672cd5d1c288abaac02c18ff21283f17d118b889b8"
dependencies = [
 "dasp_frame",
 "dasp_sample",
 "hound",
 "lewton",
]

[[package]]
name = "autocfg"
version = "1.5.0"
source = "registry+https://github.com/rust-lang/crates.io-index"
checksum = "c08606f8c3cbf4ce6ec8e28fb0014a2c086708fe954eaa885384a6165172e7e8"

[[package]]
name = "base64"
version = "0.13.1"
source = "registry+https://github.com/rust-lang/crates.io-index"
checksum = "9e1b586273c5702936fe7b7d6896644d8be71e6314cfe09d3167c95f712589e8"

[[package]]
name = "bitflags"
version = "1.3.2"
source = "registry+https://github.com/rust-lang/crates.io-index"
checksum = "bef38d45163c2f1dde094a7dfd33ccf595c92905c8f8f4fdc18d06fb1037718a"

[[package]]
name = "bumpalo"
version = "3.20.2"
source = "registry+https://github.com/rust-lang/crates.io-index"
checksum = "5d20789868f4b01b2f2caec9f5c4e0213b41e3e5702a50157d699ae31ced2fcb"

[[package]]
name = "bytemuck"
version = "1.25.0"
source = "registry+https://github.com/rust-lang/crates.io-index"
checksum = "c8efb64bd706a16a1bdde310ae86b351e4d21550d98d056f22f8a7f7a2183fec"

[[package]]
name = "byteorder"
version = "1.5.0"
source = "registry+https://github.com/rust-lang/crates.io-index"
checksum = "1fd0f2584146f6f2ef48085050886acf353beff7305ebd1ae69500e27c67f64b"

[[package]]
name = "cfg-if"
version = "1.0.4"
source = "registry+https://github.com/rust-lang/crates.io-index"
checksum = "9330f8b2ff13f34540b44e946ef35111825727b38d33286ef986142615121801"

[[package]]
name = "color_quant"
version = "1.1.0"
source = "registry+https://github.com/rust-lang/crates.io-index"
checksum = "3d7b894f5411737b7867f4827955924d7c254fc9f4d91a6aad6b097804b1018b"

[[package]]
name = "crc32fast"
version = "1.5.0"
source = "registry+https://github.com/rust-lang/crates.io-index"
checksum = "9481c1c90cbf2ac953f07c8d4a58aa3945c425b7185c9154d67a65e4230da511"
dependencies = [
 "cfg-if",
]

[[package]]
name = "dasp_frame"
version = "0.11.0"
source = "registry+https://github.com/rust-lang/crates.io-index"
checksum = "b2a3937f5fe2135702897535c8d4a5553f8b116f76c1529088797f2eee7c5cd6"
dependencies = [
 "dasp_sample",
]

[[package]]
name = "dasp_sample"
version = "0.11.0"
source = "registry+https://github.com/rust-lang/crates.io-index"
checksum = "0c87e182de0887fd5361989c677c4e8f5000cd9491d6d563161a8f3a5519fc7f"

[[package]]
name = "data-url"
version = "0.2.0"
source = "registry+https://github.com/rust-lang/crates.io-index"
checksum = "8d7439c3735f405729d52c3fbbe4de140eaf938a1fe47d227c27f8254d4302a5"

[[package]]
name = "equivalent"
version = "1.0.2"
source = "registry+https://github.com/rust-lang/crates.io-index"
checksum = "877a4ace8713b0bcf2a4e7eec82529c029f1d0619886d18145fea96c3ffe5c0f"

[[package]]
name = "flate2"
version = "1.1.9"
source = "registry+https://github.com/rust-lang/crates.io-index"
checksum = "843fba2746e448b37e26a819579957415c8cef339bf08564fe8b7ddbd959573c"
dependencies = [
 "crc32fast",
 "miniz_oxide 0.8.9",
]

[[package]]
name = "float-cmp"
version = "0.9.0"
source = "registry+https://github.com/rust-lang/crates.io-index"
checksum = "98de4bbd547a563b716d8dfa9aad1cb19bfab00f4fa09a6a4ed21dbcf44ce9c4"

[[package]]
name = "foldhash"
version = "0.1.5"
source = "registry+https://github.com/rust-lang/crates.io-index"
checksum = "d9c4f5dac5e15c24eb999c26181a6ca40b39fe946cbe4c263c7209467bc83af2"

[[package]]
name = "fontconfig-parser"
version = "0.5.8"
source = "registry+https://github.com/rust-lang/crates.io-index"
checksum = "bbc773e24e02d4ddd8395fd30dc147524273a83e54e0f312d986ea30de5f5646"
dependencies = [
 "roxmltree 0.20.0",
]

[[package]]
name = "fontdb"
version = "0.10.0"
source = "registry+https://github.com/rust-lang/crates.io-index"
checksum = "8131752b3f3b876a20f42b3d08233ad177d6e7ec6d18aaa6954489a201071be5"
dependencies = [
 "fontconfig-parser",
 "log",
 "memmap2",
 "ttf-parser 0.17.1",
]

[[package]]
name = "fontdue"
version = "0.7.3"
source = "registry+https://github.com/rust-lang/crates.io-index"
checksum = "0793f5137567643cf65ea42043a538804ff0fbf288649e2141442b602d81f9bc"
dependencies = [
 "hashbrown 0.13.2",
 "ttf-parser 0.15.2",
]

[[package]]
name = "fontdue"
version = "0.9.3"
source = "registry+https://github.com/rust-lang/crates.io-index"
checksum = "2e57e16b3fe8ff4364c0661fdaac543fb38b29ea9bc9c2f45612d90adf931d2b"
dependencies = [
 "hashbrown 0.15.5",
 "ttf-parser 0.21.1",
]

[[package]]
name = "futures-core"
version = "0.3.32"
source = "registry+https://github.com/rust-lang/crates.io-index"
checksum = "7e3450815272ef58cec6d564423f6e755e25379b217b0bc688e295ba24df6b1d"

[[package]]
name = "futures-task"
version = "0.3.32"
source = "registry+https://github.com/rust-lang/crates.io-index"
checksum = "037711b3d59c33004d3856fbdc83b99d4ff37a24768fa1be9ce3538a1cde4393"

[[package]]
name = "futures-util"
version = "0.3.32"
source = "registry+https://github.com/rust-lang/crates.io-index"
checksum = "389ca41296e6190b48053de0321d02a77f32f8a5d2461dd38762c0593805c6d6"
dependencies = [
 "futures-core",
 "futures-task",
 "pin-project-lite",
 "slab",
]

[[package]]
name = "getrandom"
version = "0.2.17"
source = "registry+https://github.com/rust-lang/crates.io-index"
checksum = "ff2abc00be7fca6ebc474524697ae276ad847ad0a6b3faa4bcb027e9a4614ad0"
dependencies = [
 "cfg-if",
 "js-sys",
 "libc",
 "wasi",
 "wasm-bindgen",
]

[[package]]
name = "gif"
version = "0.11.4"
source = "registry+https://github.com/rust-lang/crates.io-index"
checksum = "3edd93c6756b4dfaf2709eafcc345ba2636565295c198a9cfbf75fa5e3e00b06"
dependencies = [
 "color_quant",
 "weezl",
]

[[package]]
name = "glam"
version = "0.21.3"
source = "registry+https://github.com/rust-lang/crates.io-index"
checksum = "518faa5064866338b013ff9b2350dc318e14cc4fcd6cb8206d7e7c9886c98815"

[[package]]
name = "glam"
version = "0.27.0"
source = "registry+https://github.com/rust-lang/crates.io-index"
checksum = "9e05e7e6723e3455f4818c7b26e855439f7546cf617ef669d1adedb8669e5cb9"

[[package]]
name = "hashbrown"
version = "0.13.2"
source = "registry+https://github.com/rust-lang/crates.io-index"
checksum = "43a3c133739dddd0d2990f9a4bdf8eb4b21ef50e4851ca85ab661199821d510e"
dependencies = [
 "ahash",
]

[[package]]
name = "hashbrown"
version = "0.15.5"
source = "registry+https://github.com/rust-lang/crates.io-index"
checksum = "9229cfe53dfd69f0609a49f65461bd93001ea1ef889cd5529dd176593f5338a1"
dependencies = [
 "allocator-api2",
 "equivalent",
 "foldhash",
]

[[package]]
name = "hound"
version = "3.5.1"
source = "registry+https://github.com/rust-lang/crates.io-index"
checksum = "62adaabb884c94955b19907d60019f4e145d091c75345379e70d1ee696f7854f"

[[package]]
name = "image"
version = "0.24.9"
source = "registry+https://github.com/rust-lang/crates.io-index"
checksum = "5690139d2f55868e080017335e4b94cb7414274c74f1669c84fb5feba2c9f69d"
dependencies = [
 "bytemuck",
 "byteorder",
 "color_quant",
 "num-traits",
 "png",
]

[[package]]
name = "imagesize"
version = "0.10.1"
source = "registry+https://github.com/rust-lang/crates.io-index"
checksum = "df19da1e92fbfec043ca97d622955381b1f3ee72a180ec999912df31b1ccd951"

[[package]]
name = "itoa"
version = "1.0.18"
source = "registry+https://github.com/rust-lang/crates.io-index"
checksum = "8f42a60cbdf9a97f5d2305f08a87dc4e09308d1276d28c869c684d7777685682"

[[package]]
name = "jpeg-decoder"
version = "0.3.2"
source = "registry+https://github.com/rust-lang/crates.io-index"
checksum = "00810f1d8b74be64b13dbf3db89ac67740615d6c891f0e7b6179326533011a07"

[[package]]
name = "js-sys"
version = "0.3.97"
source = "registry+https://github.com/rust-lang/crates.io-index"
checksum = "a1840c94c045fbcf8ba2812c95db44499f7c64910a912551aaaa541decebcacf"
dependencies = [
 "cfg-if",
 "futures-util",
 "once_cell",
 "wasm-bindgen",
]

[[package]]
name = "kurbo"
version = "0.8.3"
source = "registry+https://github.com/rust-lang/crates.io-index"
checksum = "7a53776d271cfb873b17c618af0298445c88afc52837f3e948fa3fafd131f449"
dependencies = [
 "arrayvec",
]

[[package]]
name = "lewton"
version = "0.9.4"
source = "registry+https://github.com/rust-lang/crates.io-index"
checksum = "8d542c1a317036c45c2aa1cf10cc9d403ca91eb2d333ef1a4917e5cb10628bd0"
dependencies = [
 "byteorder",
 "ogg",
 "smallvec 0.6.14",
]

[[package]]
name = "libc"
version = "0.2.186"
source = "registry+https://github.com/rust-lang/crates.io-index"
checksum = "68ab91017fe16c622486840e4c83c9a37afeff978bd239b5293d61ece587de66"

[[package]]
name = "log"
version = "0.4.29"
source = "registry+https://github.com/rust-lang/crates.io-index"
checksum = "5e5032e24019045c762d3c0f28f5b6b8bbf38563a65908389bf7978758920897"

[[package]]
name = "macroquad"
version = "0.3.26"
source = "registry+https://github.com/rust-lang/crates.io-index"
checksum = "b92608a005ca1f16fe4e78c85a1cb18481898ac1347c71ae3398a6795c493c15"
dependencies = [
 "bumpalo",
 "fontdue 0.7.3",
 "glam 0.21.3",
 "image",
 "macroquad_macro",
 "miniquad 0.3.16",
 "quad-rand",
 "quad-snd",
]

[[package]]
name = "macroquad"
version = "0.4.14"
source = "registry+https://github.com/rust-lang/crates.io-index"
checksum = "d2befbae373456143ef55aa93a73594d080adfb111dc32ec96a1123a3e4ff4ae"
dependencies = [
 "fontdue 0.9.3",
 "glam 0.27.0",
 "image",
 "macroquad_macro",
 "miniquad 0.4.8",
 "quad-rand",
]

[[package]]
name = "macroquad_macro"
version = "0.1.8"
source = "registry+https://github.com/rust-lang/crates.io-index"
checksum = "64b1d96218903768c1ce078b657c0d5965465c95a60d2682fd97443c9d2483dd"

[[package]]
name = "malloc_buf"
version = "0.0.6"
source = "registry+https://github.com/rust-lang/crates.io-index"
checksum = "62bb907fe88d54d8d9ce32a3cceab4218ed2f6b7d35617cafe9adf84e43919cb"
dependencies = [
 "libc",
]

[[package]]
name = "maybe-uninit"
version = "2.0.0"
source = "registry+https://github.com/rust-lang/crates.io-index"
checksum = "60302e4db3a61da70c0cb7991976248362f30319e88850c487b9b95bbf059e00"

[[package]]
name = "memchr"
version = "2.8.0"
source = "registry+https://github.com/rust-lang/crates.io-index"
checksum = "f8ca58f447f06ed17d5fc4043ce1b10dd205e060fb3ce5b979b8ed8e59ff3f79"

[[package]]
name = "memmap2"
version = "0.5.10"
source = "registry+https://github.com/rust-lang/crates.io-index"
checksum = "83faa42c0a078c393f6b29d5db232d8be22776a891f8f56e5284faee4a20b327"
dependencies = [
 "libc",
]

[[package]]
name = "miniquad"
version = "0.3.16"
source = "registry+https://github.com/rust-lang/crates.io-index"
checksum = "c1251d63dfea7109063b2cec354253e8bf150e7878837a6ac0f9185d6a2518b6"
dependencies = [
 "libc",
 "ndk-sys",
 "objc",
 "winapi",
]

[[package]]
name = "miniquad"
version = "0.4.8"
source = "registry+https://github.com/rust-lang/crates.io-index"
checksum = "2fb3e758e46dbc45716a8a49ca9edc54b15bcca826277e80b1f690708f67f9e3"
dependencies = [
 "libc",
 "ndk-sys",
 "objc-rs",
 "winapi",
]

[[package]]
name = "miniz_oxide"
version = "0.5.4"
source = "registry+https://github.com/rust-lang/crates.io-index"
checksum = "96590ba8f175222643a85693f33d26e9c8a015f599c216509b1a6894af675d34"
dependencies = [
 "adler",
]

[[package]]
name = "miniz_oxide"
version = "0.8.9"
source = "registry+https://github.com/rust-lang/crates.io-index"
checksum = "1fa76a2c86f704bdb222d66965fb3d63269ce38518b83cb0575fca855ebb6316"
dependencies = [
 "adler2",
 "simd-adler32",
]

[[package]]
name = "ndk-sys"
version = "0.2.2"
source = "registry+https://github.com/rust-lang/crates.io-index"
checksum = "e1bcdd74c20ad5d95aacd60ef9ba40fdf77f767051040541df557b7a9b2a2121"

[[package]]
name = "num-traits"
version = "0.2.19"
source = "registry+https://github.com/rust-lang/crates.io-index"
checksum = "071dfc062690e90b734c0b2273ce72ad0ffa95f0c74596bc250dcfd960262841"
dependencies = [
 "autocfg",
]

[[package]]
name = "objc"
version = "0.2.7"
source = "registry+https://github.com/rust-lang/crates.io-index"
checksum = "915b1b472bc21c53464d6c8461c9d3af805ba1ef837e1cac254428f4a77177b1"
dependencies = [
 "malloc_buf",
]

[[package]]
name = "objc-rs"
version = "0.2.8"
source = "registry+https://github.com/rust-lang/crates.io-index"
checksum = "64a1e7069a2525126bf12a9f1f7916835fafade384fb27cabf698e745e2a1eb8"
dependencies = [
 "malloc_buf",
]

[[package]]
name = "ogg"
version = "0.7.1"
source = "registry+https://github.com/rust-lang/crates.io-index"
checksum = "13e571c3517af9e1729d4c63571a27edd660ade0667973bfc74a67c660c2b651"
dependencies = [
 "byteorder",
]

[[package]]
name = "once_cell"
version = "1.21.4"
source = "registry+https://github.com/rust-lang/crates.io-index"
checksum = "9f7c3e4beb33f85d45ae3e3a1792185706c8e16d043238c593331cc7cd313b50"

[[package]]
name = "pico-args"
version = "0.5.0"
source = "registry+https://github.com/rust-lang/crates.io-index"
checksum = "5be167a7af36ee22fe3115051bc51f6e6c7054c9348e28deb4f49bd6f705a315"

[[package]]
name = "pin-project-lite"
version = "0.2.17"
source = "registry+https://github.com/rust-lang/crates.io-index"
checksum = "a89322df9ebe1c1578d689c92318e070967d1042b512afbe49518723f4e6d5cd"

[[package]]
name = "png"
version = "0.17.6"
source = "registry+https://github.com/rust-lang/crates.io-index"
checksum = "8f0e7f4c94ec26ff209cee506314212639d6c91b80afb82984819fafce9df01c"
dependencies = [
 "bitflags",
 "crc32fast",
 "flate2",
 "miniz_oxide 0.5.4",
]

[[package]]
name = "ppv-lite86"
version = "0.2.21"
source = "registry+https://github.com/rust-lang/crates.io-index"
checksum = "85eae3c4ed2f50dcfe72643da4befc30deadb458a9b590d720cde2f2b1e97da9"
dependencies = [
 "zerocopy",
]

[[package]]
name = "proc-macro2"
version = "1.0.106"
source = "registry+https://github.com/rust-lang/crates.io-index"
checksum = "8fd00f0bb2e90d81d1044c2b32617f68fcb9fa3bb7640c23e9c748e53fb30934"
dependencies = [
 "unicode-ident",
]

[[package]]
name = "quad-alsa-sys"
version = "0.3.2"
source = "registry+https://github.com/rust-lang/crates.io-index"
checksum = "c66c2f04a6946293477973d85adc251d502da51c57b08cd9c997f0cfd8dcd4b5"
dependencies = [
 "libc",
]

[[package]]
name = "quad-rand"
version = "0.2.3"
source = "registry+https://github.com/rust-lang/crates.io-index"
checksum = "5a651516ddc9168ebd67b24afd085a718be02f8858fe406591b013d101ce2f40"

[[package]]
name = "quad-snd"
version = "0.2.8"
source = "registry+https://github.com/rust-lang/crates.io-index"
checksum = "cba0c4943fc67147fbe9d1eb731fb9e678bfc9d926507eebbbfe0103e154e5b0"
dependencies = [
 "audir-sles",
 "audrey",
 "libc",
 "quad-alsa-sys",
 "winapi",
]

[[package]]
name = "quad-svg"
version = "0.1.2"
source = "registry+https://github.com/rust-lang/crates.io-index"
checksum = "61f30604b63c532e793f4acbb7d2c2284b7f2162a9fdaf6fafca1ec908e2737f"
dependencies = [
 "getrandom",
 "macroquad 0.3.26",
 "rand",
 "resvg",
]

[[package]]
name = "quote"
version = "1.0.45"
source = "registry+https://github.com/rust-lang/crates.io-index"
checksum = "41f2619966050689382d2b44f664f4bc593e129785a36d6ee376ddf37259b924"
dependencies = [
 "proc-macro2",
]

[[package]]
name = "rand"
version = "0.8.6"
source = "registry+https://github.com/rust-lang/crates.io-index"
checksum = "5ca0ecfa931c29007047d1bc58e623ab12e5590e8c7cc53200d5202b69266d8a"
dependencies = [
 "libc",
 "rand_chacha",
 "rand_core",
]

[[package]]
name = "rand_chacha"
version = "0.3.1"
source = "registry+https://github.com/rust-lang/crates.io-index"
checksum = "e6c10a63a0fa32252be49d21e7709d4d4baf8d231c2dbce1eaa8141b9b127d88"
dependencies = [
 "ppv-lite86",
 "rand_core",
]

[[package]]
name = "rand_core"
version = "0.6.4"
source = "registry+https://github.com/rust-lang/crates.io-index"
checksum = "ec0be4795e2f6a28069bec0b5ff3e2ac9bafc99e6a9a7dc3547996c5c816922c"
dependencies = [
 "getrandom",
]

[[package]]
name = "rctree"
version = "0.5.0"
source = "registry+https://github.com/rust-lang/crates.io-index"
checksum = "3b42e27ef78c35d3998403c1d26f3efd9e135d3e5121b0a4845cc5cc27547f4f"

[[package]]
name = "resvg"
version = "0.28.0"
source = "registry+https://github.com/rust-lang/crates.io-index"
checksum = "c115863f2d3621999cf187e318bc92b16402dfeff6a48c74df700d77381394c1"
dependencies = [
 "gif",
 "jpeg-decoder",
 "log",
 "pico-args",
 "png",
 "rgb",
 "svgfilters",
 "svgtypes",
 "tiny-skia",
 "usvg",
 "usvg-text-layout",
]

[[package]]
name = "rgb"
version = "0.8.53"
source = "registry+https://github.com/rust-lang/crates.io-index"
checksum = "47b34b781b31e5d73e9fbc8689c70551fd1ade9a19e3e28cfec8580a79290cc4"
dependencies = [
 "bytemuck",
]

[[package]]
name = "roxmltree"
version = "0.15.1"
source = "registry+https://github.com/rust-lang/crates.io-index"
checksum = "6b9de9831a129b122e7e61f242db509fa9d0838008bf0b29bb0624669edfe48a"
dependencies = [
 "xmlparser",
]

[[package]]
name = "roxmltree"
version = "0.20.0"
source = "registry+https://github.com/rust-lang/crates.io-index"
checksum = "6c20b6793b5c2fa6553b250154b78d6d0db37e72700ae35fad9387a46f487c97"

[[package]]
name = "rustversion"
version = "1.0.22"
source = "registry+https://github.com/rust-lang/crates.io-index"
checksum = "b39cdef0fa800fc44525c84ccb54a029961a8215f9619753635a9c0d2538d46d"

[[package]]
name = "rustybuzz"
version = "0.6.0"
source = "registry+https://github.com/rust-lang/crates.io-index"
checksum = "ab9e34ecf6900625412355a61bda0bd68099fe674de707c67e5e4aed2c05e489"
dependencies = [
 "bitflags",
 "bytemuck",
 "smallvec 1.15.1",
 "ttf-parser 0.17.1",
 "unicode-bidi-mirroring",
 "unicode-ccc",
 "unicode-general-category",
 "unicode-script",
]

[[package]]
name = "satisfactory-planner"
version = "0.1.0"
dependencies = [
 "macroquad 0.4.14",
 "quad-svg",
 "serde",
 "serde_json",
]

[[package]]
name = "serde"
version = "1.0.228"
source = "registry+https://github.com/rust-lang/crates.io-index"
checksum = "9a8e94ea7f378bd32cbbd37198a4a91436180c5bb472411e48b5ec2e2124ae9e"
dependencies = [
 "serde_core",
 "serde_derive",
]

[[package]]
name = "serde_core"
version = "1.0.228"
source = "registry+https://github.com/rust-lang/crates.io-index"
checksum = "41d385c7d4ca58e59fc732af25c3983b67ac852c1a25000afe1175de458b67ad"
dependencies = [
 "serde_derive",
]

[[package]]
name = "serde_derive"
version = "1.0.228"
source = "registry+https://github.com/rust-lang/crates.io-index"
checksum = "d540f220d3187173da220f885ab66608367b6574e925011a9353e4badda91d79"
dependencies = [
 "proc-macro2",
 "quote",
 "syn",
]

[[package]]
name = "serde_json"
version = "1.0.149"
source = "registry+https://github.com/rust-lang/crates.io-index"
checksum = "83fc039473c5595ace860d8c4fafa220ff474b3fc6bfdb4293327f1a37e94d86"
dependencies = [
 "itoa",
 "memchr",
 "serde",
 "serde_core",
 "zmij",
]

[[package]]
name = "simd-adler32"
version = "0.3.9"
source = "registry+https://github.com/rust-lang/crates.io-index"
checksum = "703d5c7ef118737c72f1af64ad2f6f8c5e1921f818cdcb97b8fe6fc69bf66214"

[[package]]
name = "simplecss"
version = "0.2.2"
source = "registry+https://github.com/rust-lang/crates.io-index"
checksum = "7a9c6883ca9c3c7c90e888de77b7a5c849c779d25d74a1269b0218b14e8b136c"
dependencies = [
 "log",
]

[[package]]
name = "siphasher"
version = "0.3.11"
source = "registry+https://github.com/rust-lang/crates.io-index"
checksum = "38b58827f4464d87d377d175e90bf58eb00fd8716ff0a62f80356b5e61555d0d"

[[package]]
name = "slab"
version = "0.4.12"
source = "registry+https://github.com/rust-lang/crates.io-index"
checksum = "0c790de23124f9ab44544d7ac05d60440adc586479ce501c1d6d7da3cd8c9cf5"

[[package]]
name = "smallvec"
version = "0.6.14"
source = "registry+https://github.com/rust-lang/crates.io-index"
checksum = "b97fcaeba89edba30f044a10c6a3cc39df9c3f17d7cd829dd1446cab35f890e0"
dependencies = [
 "maybe-uninit",
]

[[package]]
name = "smallvec"
version = "1.15.1"
source = "registry+https://github.com/rust-lang/crates.io-index"
checksum = "67b1b7a3b5fe4f1376887184045fcf45c69e92af734b7aaddc05fb777b6fbd03"

[[package]]
name = "strict-num"
version = "0.1.1"
source = "registry+https://github.com/rust-lang/crates.io-index"
checksum = "6637bab7722d379c8b41ba849228d680cc12d0a45ba1fa2b48f2a30577a06731"
dependencies = [
 "float-cmp",
]

[[package]]
name = "svgfilters"
version = "0.4.0"
source = "registry+https://github.com/rust-lang/crates.io-index"
checksum = "639abcebc15fdc2df179f37d6f5463d660c1c79cd552c12343a4600827a04bce"
dependencies = [
 "float-cmp",
 "rgb",
]

[[package]]
name = "svgtypes"
version = "0.8.2"
source = "registry+https://github.com/rust-lang/crates.io-index"
checksum = "22975e8a2bac6a76bb54f898a6b18764633b00e780330f0b689f65afb3975564"
dependencies = [
 "siphasher",
]

[[package]]
name = "syn"
version = "2.0.117"
source = "registry+https://github.com/rust-lang/crates.io-index"
checksum = "e665b8803e7b1d2a727f4023456bbbbe74da67099c585258af0ad9c5013b9b99"
dependencies = [
 "proc-macro2",
 "quote",
 "unicode-ident",
]

[[package]]
name = "tiny-skia"
version = "0.8.4"
source = "registry+https://github.com/rust-lang/crates.io-index"
checksum = "df8493a203431061e901613751931f047d1971337153f96d0e5e363d6dbf6a67"
dependencies = [
 "arrayref",
 "arrayvec",
 "bytemuck",
 "cfg-if",
 "png",
 "tiny-skia-path",
]

[[package]]
name = "tiny-skia-path"
version = "0.8.4"
source = "registry+https://github.com/rust-lang/crates.io-index"
checksum = "adbfb5d3f3dd57a0e11d12f4f13d4ebbbc1b5c15b7ab0a156d030b21da5f677c"
dependencies = [
 "arrayref",
 "bytemuck",
 "strict-num",
]

[[package]]
name = "ttf-parser"
version = "0.15.2"
source = "registry+https://github.com/rust-lang/crates.io-index"
checksum = "7b3e06c9b9d80ed6b745c7159c40b311ad2916abb34a49e9be2653b90db0d8dd"

[[package]]
name = "ttf-parser"
version = "0.17.1"
source = "registry+https://github.com/rust-lang/crates.io-index"
checksum = "375812fa44dab6df41c195cd2f7fecb488f6c09fbaafb62807488cefab642bff"

[[package]]
name = "ttf-parser"
version = "0.21.1"
source = "registry+https://github.com/rust-lang/crates.io-index"
checksum = "2c591d83f69777866b9126b24c6dd9a18351f177e49d625920d19f989fd31cf8"

[[package]]
name = "unicode-bidi"
version = "0.3.18"
source = "registry+https://github.com/rust-lang/crates.io-index"
checksum = "5c1cb5db39152898a79168971543b1cb5020dff7fe43c8dc468b0885f5e29df5"

[[package]]
name = "unicode-bidi-mirroring"
version = "0.1.0"
source = "registry+https://github.com/rust-lang/crates.io-index"
checksum = "56d12260fb92d52f9008be7e4bca09f584780eb2266dc8fecc6a192bec561694"

[[package]]
name = "unicode-ccc"
version = "0.1.2"
source = "registry+https://github.com/rust-lang/crates.io-index"
checksum = "cc2520efa644f8268dce4dcd3050eaa7fc044fca03961e9998ac7e2e92b77cf1"

[[package]]
name = "unicode-general-category"
version = "0.6.0"
source = "registry+https://github.com/rust-lang/crates.io-index"
checksum = "2281c8c1d221438e373249e065ca4989c4c36952c211ff21a0ee91c44a3869e7"

[[package]]
name = "unicode-ident"
version = "1.0.24"
source = "registry+https://github.com/rust-lang/crates.io-index"
checksum = "e6e4313cd5fcd3dad5cafa179702e2b244f760991f45397d14d4ebf38247da75"

[[package]]
name = "unicode-script"
version = "0.5.8"
source = "registry+https://github.com/rust-lang/crates.io-index"
checksum = "383ad40bb927465ec0ce7720e033cb4ca06912855fc35db31b5755d0de75b1ee"

[[package]]
name = "unicode-vo"
version = "0.1.0"
source = "registry+https://github.com/rust-lang/crates.io-index"
checksum = "b1d386ff53b415b7fe27b50bb44679e2cc4660272694b7b6f3326d8480823a94"

[[package]]
name = "usvg"
version = "0.28.0"
source = "registry+https://github.com/rust-lang/crates.io-index"
checksum = "8b5b7c2b30845b3348c067ca3d09e20cc6e327c288f0ca4c48698712abf432e9"
dependencies = [
 "base64",
 "data-url",
 "flate2",
 "imagesize",
 "kurbo",
 "log",
 "rctree",
 "roxmltree 0.15.1",
 "simplecss",
 "siphasher",
 "strict-num",
 "svgtypes",
]

[[package]]
name = "usvg-text-layout"
version = "0.28.0"
source = "registry+https://github.com/rust-lang/crates.io-index"
checksum = "4c9550670848028641bf976b06f5c520ffdcd6f00ee7ee7eb0853f78e2c249d7"
dependencies = [
 "fontdb",
 "kurbo",
 "log",
 "rustybuzz",
 "unicode-bidi",
 "unicode-script",
 "unicode-vo",
 "usvg",
]

[[package]]
name = "version_check"
version = "0.9.5"
source = "registry+https://github.com/rust-lang/crates.io-index"
checksum = "0b928f33d975fc6ad9f86c8f283853ad26bdd5b10b7f1542aa2fa15e2289105a"

[[package]]
name = "wasi"
version = "0.11.1+wasi-snapshot-preview1"
source = "registry+https://github.com/rust-lang/crates.io-index"
checksum = "ccf3ec651a847eb01de73ccad15eb7d99f80485de043efb2f370cd654f4ea44b"

[[package]]
name = "wasm-bindgen"
version = "0.2.120"
source = "registry+https://github.com/rust-lang/crates.io-index"
checksum = "df52b6d9b87e0c74c9edfa1eb2d9bf85e5d63515474513aa50fa181b3c4f5db1"
dependencies = [
 "cfg-if",
 "once_cell",
 "rustversion",
 "wasm-bindgen-macro",
 "wasm-bindgen-shared",
]

[[package]]
name = "wasm-bindgen-macro"
version = "0.2.120"
source = "registry+https://github.com/rust-lang/crates.io-index"
checksum = "78b1041f495fb322e64aca85f5756b2172e35cd459376e67f2a6c9dffcedb103"
dependencies = [
 "quote",
 "wasm-bindgen-macro-support",
]

[[package]]
name = "wasm-bindgen-macro-support"
version = "0.2.120"
source = "registry+https://github.com/rust-lang/crates.io-index"
checksum = "9dcd0ff20416988a18ac686d4d4d0f6aae9ebf08a389ff5d29012b05af2a1b41"
dependencies = [
 "bumpalo",
 "proc-macro2",
 "quote",
 "syn",
 "wasm-bindgen-shared",
]

[[package]]
name = "wasm-bindgen-shared"
version = "0.2.120"
source = "registry+https://github.com/rust-lang/crates.io-index"
checksum = "49757b3c82ebf16c57d69365a142940b384176c24df52a087fb748e2085359ea"
dependencies = [
 "unicode-ident",
]

[[package]]
name = "weezl"
version = "0.1.12"
source = "registry+https://github.com/rust-lang/crates.io-index"
checksum = "a28ac98ddc8b9274cb41bb4d9d4d5c425b6020c50c46f25559911905610b4a88"

[[package]]
name = "winapi"
version = "0.3.9"
source = "registry+https://github.com/rust-lang/crates.io-index"
checksum = "5c839a674fcd7a98952e593242ea400abe93992746761e38641405d28b00f419"
dependencies = [
 "winapi-i686-pc-windows-gnu",
 "winapi-x86_64-pc-windows-gnu",
]

[[package]]
name = "winapi-i686-pc-windows-gnu"
version = "0.4.0"
source = "registry+https://github.com/rust-lang/crates.io-index"
checksum = "ac3b87c63620426dd9b991e5ce0329eff545bccbbb34f3be09ff6fb6ab51b7b6"

[[package]]
name = "winapi-x86_64-pc-windows-gnu"
version = "0.4.0"
source = "registry+https://github.com/rust-lang/crates.io-index"
checksum = "712e227841d057c1ee1cd2fb22fa7e5a5461ae8e48fa2ca79ec42cfc1931183f"

[[package]]
name = "xmlparser"
version = "0.13.6"
source = "registry+https://github.com/rust-lang/crates.io-index"
checksum = "66fee0b777b0f5ac1c69bb06d361268faafa61cd4682ae064a171c16c433e9e4"

[[package]]
name = "zerocopy"
version = "0.8.48"
source = "registry+https://github.com/rust-lang/crates.io-index"
checksum = "eed437bf9d6692032087e337407a86f04cd8d6a16a37199ed57949d415bd68e9"
dependencies = [
 "zerocopy-derive",
]

[[package]]
name = "zerocopy-derive"
version = "0.8.48"
source = "registry+https://github.com/rust-lang/crates.io-index"
checksum = "70e3cd084b1788766f53af483dd21f93881ff30d7320490ec3ef7526d203bad4"
dependencies = [
 "proc-macro2",
 "quote",
 "syn",
]

[[package]]
name = "zmij"
version = "1.0.21"
source = "registry+https://github.com/rust-lang/crates.io-index"
checksum = "b8848ee67ecc8aedbaf3e4122217aff892639231befc6a1b58d29fff4c2cabaa"
